
Microsoft Visual Studio Solution File, Format Version 12.00
# Visual Studio Version 17
VisualStudioVersion = 17.7.34031.279
MinimumVisualStudioVersion = 10.0.40219.1
Project("{FAE04EC0-301F-11D3-BF4B-00C04F79EFBC}") = "OnlineStore", "OnlineStore\OnlineStore.csproj", "{55442BA0-2DE4-4A7D-8B9B-C30F5861CA3B}"
EndProject
Global
	GlobalSection(SolutionConfigurationPlatforms) = preSolution
		Debug|Any CPU = Debug|Any CPU
		Release|Any CPU = Release|Any CPU
	EndGlobalSection
	GlobalSection(ProjectConfigurationPlatforms) = postSolution
		{55442BA0-2DE4-4A7D-8B9B-C30F5861CA3B}.Debug|Any CPU.ActiveCfg = Debug|Any CPU
		{55442BA0-2DE4-4A7D-8B9B-C30F5861CA3B}.Debug|Any CPU.Build.0 = Debug|Any CPU
		{55442BA0-2DE4-4A7D-8B9B-C30F5861CA3B}.Release|Any CPU.ActiveCfg = Release|Any CPU
		{55442BA0-2DE4-4A7D-8B9B-C30F5861CA3B}.Release|Any CPU.Build.0 = Release|Any CPU
	EndGlobalSection
	GlobalSection(SolutionProperties) = preSolution
		HideSolutionNode = FALSE
	EndGlobalSection
	GlobalSection(ExtensibilityGlobals) = postSolution
		SolutionGuid = {466E6E61-C507-4146-AFC9-98D8345D2365}
	EndGlobalSection
EndGlobal
